{
  "name": "CemHelp2",
  "requires": true,
  "lockfileVersion": 1,
  "dependencies": {
    "highcharts": {
      "version": "7.1.1",
      "resolved": "https://registry.npmjs.org/highcharts/-/highcharts-7.1.1.tgz",
      "integrity": "sha512-BQtWDQmH4AweQNFLGJCHBQwv9tj9kyp35bp2FFpmNBm7LOecCQdLjvZNgUKvCsKzBzJJIywcwWu4QEcAkPGCjg=="
    },
    "jquery-mask-plugin": {
      "version": "1.14.15",
      "resolved": "https://registry.npmjs.org/jquery-mask-plugin/-/jquery-mask-plugin-1.14.15.tgz",
      "integrity": "sha512-/mI1N5WG9E7JmjFWIQBIMuG/4QlZDAXuoNjHoqVWZSMah+go5hp/xKI/xC0Jud9Ly4HqqhFxY4AXLTUZT+J7Hg=="
    }
  }
}
